
Microsoft Visual Studio Solution File, Format Version 12.00
# Visual Studio Version 17
VisualStudioVersion = 17.2.32616.157
MinimumVisualStudioVersion = 10.0.40219.1
Project("{FAE04EC0-301F-11D3-BF4B-00C04F79EFBC}") = "ASimpleRepository", "ASimpleRepository\ASimpleRepository.csproj", "{4D902511-43B2-41CD-8E94-5A6CBE67046E}"
EndProject
Project("{FAE04EC0-301F-11D3-BF4B-00C04F79EFBC}") = "ASimpleRepository.SampleUse", "ASimpleRepository.SampleUse\ASimpleRepository.SampleUse.csproj", "{025A937B-26D6-47CA-929C-BFE442C8E200}"
EndProject
Global
	GlobalSection(SolutionConfigurationPlatforms) = preSolution
		Debug|Any CPU = Debug|Any CPU
		Release|Any CPU = Release|Any CPU
	EndGlobalSection
	GlobalSection(ProjectConfigurationPlatforms) = postSolution
		{4D902511-43B2-41CD-8E94-5A6CBE67046E}.Debug|Any CPU.ActiveCfg = Debug|Any CPU
		{4D902511-43B2-41CD-8E94-5A6CBE67046E}.Debug|Any CPU.Build.0 = Debug|Any CPU
		{4D902511-43B2-41CD-8E94-5A6CBE67046E}.Release|Any CPU.ActiveCfg = Release|Any CPU
		{4D902511-43B2-41CD-8E94-5A6CBE67046E}.Release|Any CPU.Build.0 = Release|Any CPU
		{025A937B-26D6-47CA-929C-BFE442C8E200}.Debug|Any CPU.ActiveCfg = Debug|Any CPU
		{025A937B-26D6-47CA-929C-BFE442C8E200}.Debug|Any CPU.Build.0 = Debug|Any CPU
		{025A937B-26D6-47CA-929C-BFE442C8E200}.Release|Any CPU.ActiveCfg = Release|Any CPU
		{025A937B-26D6-47CA-929C-BFE442C8E200}.Release|Any CPU.Build.0 = Release|Any CPU
	EndGlobalSection
	GlobalSection(SolutionProperties) = preSolution
		HideSolutionNode = FALSE
	EndGlobalSection
	GlobalSection(ExtensibilityGlobals) = postSolution
		SolutionGuid = {87DD43D6-E4B2-4DA1-9B75-FBE66D1070CA}
	EndGlobalSection
EndGlobal
